
Microsoft Visual Studio Solution File, Format Version 12.00
# Visual Studio Version 17
VisualStudioVersion = 17.14.36408.4
MinimumVisualStudioVersion = 10.0.40219.1
Project("{FAE04EC0-301F-11D3-BF4B-00C04F79EFBC}") = "RVOE.web", "RVOE.web\RVOE.web.csproj", "{19F078EF-1699-4275-A37E-11CA90B4AB08}"
EndProject
Project("{FAE04EC0-301F-11D3-BF4B-00C04F79EFBC}") = "RVOE.contextos", "RVOE.contextos\RVOE.contextos.csproj", "{B0ADA215-9B81-42B2-A90C-2ED8029541B3}"
EndProject
Project("{FAE04EC0-301F-11D3-BF4B-00C04F79EFBC}") = "RVOE.entidades", "RVOE.entidades\RVOE.entidades.csproj", "{A68E340D-AF28-4432-B8E6-C9E8649FBC09}"
EndProject
Project("{FAE04EC0-301F-11D3-BF4B-00C04F79EFBC}") = "RVOE.sistemas", "RVOE.sistemas\RVOE.sistemas.csproj", "{D0BC14DE-4B7F-4385-B876-DB643053835D}"
EndProject
Project("{FAE04EC0-301F-11D3-BF4B-00C04F79EFBC}") = "RVOE.modelos", "RVOE.modelos\RVOE.modelos.csproj", "{519DAD64-151F-4352-9160-BC79870A3A19}"
EndProject
Global
	GlobalSection(SolutionConfigurationPlatforms) = preSolution
		Debug|Any CPU = Debug|Any CPU
		Release|Any CPU = Release|Any CPU
	EndGlobalSection
	GlobalSection(ProjectConfigurationPlatforms) = postSolution
		{19F078EF-1699-4275-A37E-11CA90B4AB08}.Debug|Any CPU.ActiveCfg = Debug|Any CPU
		{19F078EF-1699-4275-A37E-11CA90B4AB08}.Debug|Any CPU.Build.0 = Debug|Any CPU
		{19F078EF-1699-4275-A37E-11CA90B4AB08}.Release|Any CPU.ActiveCfg = Release|Any CPU
		{19F078EF-1699-4275-A37E-11CA90B4AB08}.Release|Any CPU.Build.0 = Release|Any CPU
		{B0ADA215-9B81-42B2-A90C-2ED8029541B3}.Debug|Any CPU.ActiveCfg = Debug|Any CPU
		{B0ADA215-9B81-42B2-A90C-2ED8029541B3}.Debug|Any CPU.Build.0 = Debug|Any CPU
		{B0ADA215-9B81-42B2-A90C-2ED8029541B3}.Release|Any CPU.ActiveCfg = Release|Any CPU
		{B0ADA215-9B81-42B2-A90C-2ED8029541B3}.Release|Any CPU.Build.0 = Release|Any CPU
		{A68E340D-AF28-4432-B8E6-C9E8649FBC09}.Debug|Any CPU.ActiveCfg = Debug|Any CPU
		{A68E340D-AF28-4432-B8E6-C9E8649FBC09}.Debug|Any CPU.Build.0 = Debug|Any CPU
		{A68E340D-AF28-4432-B8E6-C9E8649FBC09}.Release|Any CPU.ActiveCfg = Release|Any CPU
		{A68E340D-AF28-4432-B8E6-C9E8649FBC09}.Release|Any CPU.Build.0 = Release|Any CPU
		{D0BC14DE-4B7F-4385-B876-DB643053835D}.Debug|Any CPU.ActiveCfg = Debug|Any CPU
		{D0BC14DE-4B7F-4385-B876-DB643053835D}.Debug|Any CPU.Build.0 = Debug|Any CPU
		{D0BC14DE-4B7F-4385-B876-DB643053835D}.Release|Any CPU.ActiveCfg = Release|Any CPU
		{D0BC14DE-4B7F-4385-B876-DB643053835D}.Release|Any CPU.Build.0 = Release|Any CPU
		{519DAD64-151F-4352-9160-BC79870A3A19}.Debug|Any CPU.ActiveCfg = Debug|Any CPU
		{519DAD64-151F-4352-9160-BC79870A3A19}.Debug|Any CPU.Build.0 = Debug|Any CPU
		{519DAD64-151F-4352-9160-BC79870A3A19}.Release|Any CPU.ActiveCfg = Release|Any CPU
		{519DAD64-151F-4352-9160-BC79870A3A19}.Release|Any CPU.Build.0 = Release|Any CPU
	EndGlobalSection
	GlobalSection(SolutionProperties) = preSolution
		HideSolutionNode = FALSE
	EndGlobalSection
	GlobalSection(ExtensibilityGlobals) = postSolution
		SolutionGuid = {D4E7212D-9CBF-4A70-8C10-57B14B012CBF}
	EndGlobalSection
EndGlobal
